
Microsoft Visual Studio Solution File, Format Version 12.00
# Visual Studio 15
VisualStudioVersion = 15.0.26608.5
MinimumVisualStudioVersion = 10.0.40219.1
Project("{FAE04EC0-301F-11D3-BF4B-00C04F79EFBC}") = "Royale", "src\ROYALE\Royale.csproj", "{E9AB2ED5-C78C-4586-AB9E-0214F9551B9A}"
EndProject
Project("{FAE04EC0-301F-11D3-BF4B-00C04F79EFBC}") = "Boom", "src\BOOM\Boom.csproj", "{0E72C402-09B2-4545-AAEB-6AB58971D2FC}"
EndProject
Project("{FAE04EC0-301F-11D3-BF4B-00C04F79EFBC}") = "Magic", "src\MAGIC\Magic.csproj", "{9257A23D-569D-40E6-9744-A34F6374DD47}"
EndProject
Project("{FAE04EC0-301F-11D3-BF4B-00C04F79EFBC}") = "Nebula", "src\NEBULA\Nebula.csproj", "{B508A4AB-A5CA-4680-9C10-DFA10CECE7BC}"
EndProject
Project("{FAE04EC0-301F-11D3-BF4B-00C04F79EFBC}") = "Europa", "src\EUROPA\Europa.csproj", "{D1827AF7-82B1-45C3-AF43-0D91BB82837B}"
EndProject
Project("{FAE04EC0-301F-11D3-BF4B-00C04F79EFBC}") = "Nibiru", "src\NIBIRU\Nibiru.csproj", "{7EA6F76E-D8DB-4BC4-ACD3-5D53D54622CF}"
EndProject
Project("{FAE04EC0-301F-11D3-BF4B-00C04F79EFBC}") = "Xena", "src\XENA\Xena.csproj", "{086B7850-569A-499D-B078-309B1A0D286D}"
EndProject
Project("{FAE04EC0-301F-11D3-BF4B-00C04F79EFBC}") = "Lyra", "src\LYRA\Lyra.csproj", "{4A219B15-DFD8-480B-A52C-C6737ED48263}"
EndProject
Project("{FAE04EC0-301F-11D3-BF4B-00C04F79EFBC}") = "Savage Magic", "src\Savage Magic\Savage Magic.csproj", "{B2C9A329-9577-454C-8C1D-0CE91C5C3B75}"
EndProject
Global
	GlobalSection(SolutionConfigurationPlatforms) = preSolution
		Debug|Any CPU = Debug|Any CPU
		Debug|x64 = Debug|x64
		Release|Any CPU = Release|Any CPU
		Release|x64 = Release|x64
	EndGlobalSection
	GlobalSection(ProjectConfigurationPlatforms) = postSolution
		{E9AB2ED5-C78C-4586-AB9E-0214F9551B9A}.Debug|Any CPU.ActiveCfg = Debug|Any CPU
		{E9AB2ED5-C78C-4586-AB9E-0214F9551B9A}.Debug|Any CPU.Build.0 = Debug|Any CPU
		{E9AB2ED5-C78C-4586-AB9E-0214F9551B9A}.Debug|x64.ActiveCfg = Debug|x64
		{E9AB2ED5-C78C-4586-AB9E-0214F9551B9A}.Debug|x64.Build.0 = Debug|x64
		{E9AB2ED5-C78C-4586-AB9E-0214F9551B9A}.Release|Any CPU.ActiveCfg = Release|Any CPU
		{E9AB2ED5-C78C-4586-AB9E-0214F9551B9A}.Release|Any CPU.Build.0 = Release|Any CPU
		{E9AB2ED5-C78C-4586-AB9E-0214F9551B9A}.Release|x64.ActiveCfg = Release|x64
		{E9AB2ED5-C78C-4586-AB9E-0214F9551B9A}.Release|x64.Build.0 = Release|x64
		{0E72C402-09B2-4545-AAEB-6AB58971D2FC}.Debug|Any CPU.ActiveCfg = Debug|Any CPU
		{0E72C402-09B2-4545-AAEB-6AB58971D2FC}.Debug|Any CPU.Build.0 = Debug|Any CPU
		{0E72C402-09B2-4545-AAEB-6AB58971D2FC}.Debug|x64.ActiveCfg = Debug|x64
		{0E72C402-09B2-4545-AAEB-6AB58971D2FC}.Debug|x64.Build.0 = Debug|x64
		{0E72C402-09B2-4545-AAEB-6AB58971D2FC}.Release|Any CPU.ActiveCfg = Release|Any CPU
		{0E72C402-09B2-4545-AAEB-6AB58971D2FC}.Release|Any CPU.Build.0 = Release|Any CPU
		{0E72C402-09B2-4545-AAEB-6AB58971D2FC}.Release|x64.ActiveCfg = Release|x64
		{0E72C402-09B2-4545-AAEB-6AB58971D2FC}.Release|x64.Build.0 = Release|x64
		{9257A23D-569D-40E6-9744-A34F6374DD47}.Debug|Any CPU.ActiveCfg = Debug|Any CPU
		{9257A23D-569D-40E6-9744-A34F6374DD47}.Debug|Any CPU.Build.0 = Debug|Any CPU
		{9257A23D-569D-40E6-9744-A34F6374DD47}.Debug|x64.ActiveCfg = Debug|x64
		{9257A23D-569D-40E6-9744-A34F6374DD47}.Debug|x64.Build.0 = Debug|x64
		{9257A23D-569D-40E6-9744-A34F6374DD47}.Release|Any CPU.ActiveCfg = Release|Any CPU
		{9257A23D-569D-40E6-9744-A34F6374DD47}.Release|Any CPU.Build.0 = Release|Any CPU
		{9257A23D-569D-40E6-9744-A34F6374DD47}.Release|x64.ActiveCfg = Release|x64
		{9257A23D-569D-40E6-9744-A34F6374DD47}.Release|x64.Build.0 = Release|x64
		{B508A4AB-A5CA-4680-9C10-DFA10CECE7BC}.Debug|Any CPU.ActiveCfg = Debug|Any CPU
		{B508A4AB-A5CA-4680-9C10-DFA10CECE7BC}.Debug|Any CPU.Build.0 = Debug|Any CPU
		{B508A4AB-A5CA-4680-9C10-DFA10CECE7BC}.Debug|x64.ActiveCfg = Debug|Any CPU
		{B508A4AB-A5CA-4680-9C10-DFA10CECE7BC}.Debug|x64.Build.0 = Debug|Any CPU
		{B508A4AB-A5CA-4680-9C10-DFA10CECE7BC}.Release|Any CPU.ActiveCfg = Release|Any CPU
		{B508A4AB-A5CA-4680-9C10-DFA10CECE7BC}.Release|Any CPU.Build.0 = Release|Any CPU
		{B508A4AB-A5CA-4680-9C10-DFA10CECE7BC}.Release|x64.ActiveCfg = Release|Any CPU
		{B508A4AB-A5CA-4680-9C10-DFA10CECE7BC}.Release|x64.Build.0 = Release|Any CPU
		{D1827AF7-82B1-45C3-AF43-0D91BB82837B}.Debug|Any CPU.ActiveCfg = Debug|Any CPU
		{D1827AF7-82B1-45C3-AF43-0D91BB82837B}.Debug|Any CPU.Build.0 = Debug|Any CPU
		{D1827AF7-82B1-45C3-AF43-0D91BB82837B}.Debug|x64.ActiveCfg = Debug|Any CPU
		{D1827AF7-82B1-45C3-AF43-0D91BB82837B}.Debug|x64.Build.0 = Debug|Any CPU
		{D1827AF7-82B1-45C3-AF43-0D91BB82837B}.Release|Any CPU.ActiveCfg = Release|Any CPU
		{D1827AF7-82B1-45C3-AF43-0D91BB82837B}.Release|Any CPU.Build.0 = Release|Any CPU
		{D1827AF7-82B1-45C3-AF43-0D91BB82837B}.Release|x64.ActiveCfg = Release|Any CPU
		{D1827AF7-82B1-45C3-AF43-0D91BB82837B}.Release|x64.Build.0 = Release|Any CPU
		{7EA6F76E-D8DB-4BC4-ACD3-5D53D54622CF}.Debug|Any CPU.ActiveCfg = Debug|Any CPU
		{7EA6F76E-D8DB-4BC4-ACD3-5D53D54622CF}.Debug|Any CPU.Build.0 = Debug|Any CPU
		{7EA6F76E-D8DB-4BC4-ACD3-5D53D54622CF}.Debug|x64.ActiveCfg = Debug|Any CPU
		{7EA6F76E-D8DB-4BC4-ACD3-5D53D54622CF}.Debug|x64.Build.0 = Debug|Any CPU
		{7EA6F76E-D8DB-4BC4-ACD3-5D53D54622CF}.Release|Any CPU.ActiveCfg = Release|Any CPU
		{7EA6F76E-D8DB-4BC4-ACD3-5D53D54622CF}.Release|Any CPU.Build.0 = Release|Any CPU
		{7EA6F76E-D8DB-4BC4-ACD3-5D53D54622CF}.Release|x64.ActiveCfg = Release|Any CPU
		{7EA6F76E-D8DB-4BC4-ACD3-5D53D54622CF}.Release|x64.Build.0 = Release|Any CPU
		{086B7850-569A-499D-B078-309B1A0D286D}.Debug|Any CPU.ActiveCfg = Debug|Any CPU
		{086B7850-569A-499D-B078-309B1A0D286D}.Debug|Any CPU.Build.0 = Debug|Any CPU
		{086B7850-569A-499D-B078-309B1A0D286D}.Debug|x64.ActiveCfg = Debug|Any CPU
		{086B7850-569A-499D-B078-309B1A0D286D}.Debug|x64.Build.0 = Debug|Any CPU
		{086B7850-569A-499D-B078-309B1A0D286D}.Release|Any CPU.ActiveCfg = Release|Any CPU
		{086B7850-569A-499D-B078-309B1A0D286D}.Release|Any CPU.Build.0 = Release|Any CPU
		{086B7850-569A-499D-B078-309B1A0D286D}.Release|x64.ActiveCfg = Release|Any CPU
		{086B7850-569A-499D-B078-309B1A0D286D}.Release|x64.Build.0 = Release|Any CPU
		{4A219B15-DFD8-480B-A52C-C6737ED48263}.Debug|Any CPU.ActiveCfg = Debug|Any CPU
		{4A219B15-DFD8-480B-A52C-C6737ED48263}.Debug|Any CPU.Build.0 = Debug|Any CPU
		{4A219B15-DFD8-480B-A52C-C6737ED48263}.Debug|x64.ActiveCfg = Debug|Any CPU
		{4A219B15-DFD8-480B-A52C-C6737ED48263}.Debug|x64.Build.0 = Debug|Any CPU
		{4A219B15-DFD8-480B-A52C-C6737ED48263}.Release|Any CPU.ActiveCfg = Release|Any CPU
		{4A219B15-DFD8-480B-A52C-C6737ED48263}.Release|Any CPU.Build.0 = Release|Any CPU
		{4A219B15-DFD8-480B-A52C-C6737ED48263}.Release|x64.ActiveCfg = Release|Any CPU
		{4A219B15-DFD8-480B-A52C-C6737ED48263}.Release|x64.Build.0 = Release|Any CPU
		{B2C9A329-9577-454C-8C1D-0CE91C5C3B75}.Debug|Any CPU.ActiveCfg = Debug|Any CPU
		{B2C9A329-9577-454C-8C1D-0CE91C5C3B75}.Debug|Any CPU.Build.0 = Debug|Any CPU
		{B2C9A329-9577-454C-8C1D-0CE91C5C3B75}.Debug|x64.ActiveCfg = Debug|Any CPU
		{B2C9A329-9577-454C-8C1D-0CE91C5C3B75}.Debug|x64.Build.0 = Debug|Any CPU
		{B2C9A329-9577-454C-8C1D-0CE91C5C3B75}.Release|Any CPU.ActiveCfg = Release|Any CPU
		{B2C9A329-9577-454C-8C1D-0CE91C5C3B75}.Release|Any CPU.Build.0 = Release|Any CPU
		{B2C9A329-9577-454C-8C1D-0CE91C5C3B75}.Release|x64.ActiveCfg = Release|Any CPU
		{B2C9A329-9577-454C-8C1D-0CE91C5C3B75}.Release|x64.Build.0 = Release|Any CPU
	EndGlobalSection
	GlobalSection(SolutionProperties) = preSolution
		HideSolutionNode = FALSE
	EndGlobalSection
EndGlobal
